// !$*UTF8*$!
{
	archiveVersion = 1;
	classes = {
	};
	objectVersion = 46;
	objects = {

/* Begin PBXBuildFile section */
		C0B3C5F3168C6D0C00161FAA /* Foundation.framework in Frameworks */ = {isa = PBXBuildFile; fileRef = C0B3C5F2168C6D0C00161FAA /* Foundation.framework */; };
		F821FFAC19A742B8008DB661 /* CCProfileConsts.cpp in Sources */ = {isa = PBXBuildFile; fileRef = F821FF9C19A742B8008DB661 /* CCProfileConsts.cpp */; };
		F821FFAD19A742B8008DB661 /* CCProfileConsts.h in Headers */ = {isa = PBXBuildFile; fileRef = F821FF9D19A742B8008DB661 /* CCProfileConsts.h */; };
		F821FFAE19A742B8008DB661 /* CCProfileController.cpp in Sources */ = {isa = PBXBuildFile; fileRef = F821FF9E19A742B8008DB661 /* CCProfileController.cpp */; };
		F821FFAF19A742B8008DB661 /* CCProfileController.h in Headers */ = {isa = PBXBuildFile; fileRef = F821FF9F19A742B8008DB661 /* CCProfileController.h */; };
		F821FFB019A742B8008DB661 /* CCProfileEventDispatcher.cpp in Sources */ = {isa = PBXBuildFile; fileRef = F821FFA019A742B8008DB661 /* CCProfileEventDispatcher.cpp */; };
		F821FFB119A742B8008DB661 /* CCProfileEventDispatcher.h in Headers */ = {isa = PBXBuildFile; fileRef = F821FFA119A742B8008DB661 /* CCProfileEventDispatcher.h */; };
		F821FFB219A742B8008DB661 /* CCProfileEventHandler.h in Headers */ = {isa = PBXBuildFile; fileRef = F821FFA219A742B8008DB661 /* CCProfileEventHandler.h */; };
		F821FFB319A742B8008DB661 /* CCProfileService.cpp in Sources */ = {isa = PBXBuildFile; fileRef = F821FFA319A742B8008DB661 /* CCProfileService.cpp */; };
		F821FFB419A742B8008DB661 /* CCProfileService.h in Headers */ = {isa = PBXBuildFile; fileRef = F821FFA419A742B8008DB661 /* CCProfileService.h */; };
		F821FFB519A742B8008DB661 /* Cocos2dxProfile.h in Headers */ = {isa = PBXBuildFile; fileRef = F821FFA519A742B8008DB661 /* Cocos2dxProfile.h */; };
		F821FFB819A742B8008DB661 /* CCUserProfile.cpp in Sources */ = {isa = PBXBuildFile; fileRef = F821FFAA19A742B8008DB661 /* CCUserProfile.cpp */; };
		F821FFB919A742B8008DB661 /* CCUserProfile.h in Headers */ = {isa = PBXBuildFile; fileRef = F821FFAB19A742B8008DB661 /* CCUserProfile.h */; };
		F825C0C619B31C2D00A2CABB /* libCocos2dXiOSProfile.a in Frameworks */ = {isa = PBXBuildFile; fileRef = F825C0C519B31C2D00A2CABB /* libCocos2dXiOSProfile.a */; };
		F825C0C819B31C3C00A2CABB /* libSoomlaiOSProfile.a in Frameworks */ = {isa = PBXBuildFile; fileRef = F825C0C719B31C3C00A2CABB /* libSoomlaiOSProfile.a */; };
		F83FDE8219AB541B0011AD54 /* CCSocialActionUtils.cpp in Sources */ = {isa = PBXBuildFile; fileRef = F83FDE8119AB541A0011AD54 /* CCSocialActionUtils.cpp */; };
		F83FDE8319AB54720011AD54 /* CCSocialActionUtils.h in Headers */ = {isa = PBXBuildFile; fileRef = F83FDE8019AB51BC0011AD54 /* CCSocialActionUtils.h */; };
		F83FDE8619AB58030011AD54 /* CCUserProfileUtils.cpp in Sources */ = {isa = PBXBuildFile; fileRef = F83FDE8419AB58030011AD54 /* CCUserProfileUtils.cpp */; };
		F83FDE8719AB58030011AD54 /* CCUserProfileUtils.h in Headers */ = {isa = PBXBuildFile; fileRef = F83FDE8519AB58030011AD54 /* CCUserProfileUtils.h */; };
/* End PBXBuildFile section */

/* Begin PBXFileReference section */
		C0B3C5EF168C6D0C00161FAA /* libCocos2dXProfile.a */ = {isa = PBXFileReference; explicitFileType = archive.ar; includeInIndex = 0; path = libCocos2dXProfile.a; sourceTree = BUILT_PRODUCTS_DIR; };
		C0B3C5F2168C6D0C00161FAA /* Foundation.framework */ = {isa = PBXFileReference; lastKnownFileType = wrapper.framework; name = Foundation.framework; path = System/Library/Frameworks/Foundation.framework; sourceTree = SDKROOT; };
		F821FF9C19A742B8008DB661 /* CCProfileConsts.cpp */ = {isa = PBXFileReference; fileEncoding = 4; lastKnownFileType = sourcecode.cpp.cpp; path = CCProfileConsts.cpp; sourceTree = "<group>"; };
		F821FF9D19A742B8008DB661 /* CCProfileConsts.h */ = {isa = PBXFileReference; fileEncoding = 4; lastKnownFileType = sourcecode.c.h; path = CCProfileConsts.h; sourceTree = "<group>"; };
		F821FF9E19A742B8008DB661 /* CCProfileController.cpp */ = {isa = PBXFileReference; fileEncoding = 4; lastKnownFileType = sourcecode.cpp.cpp; path = CCProfileController.cpp; sourceTree = "<group>"; };
		F821FF9F19A742B8008DB661 /* CCProfileController.h */ = {isa = PBXFileReference; fileEncoding = 4; lastKnownFileType = sourcecode.c.h; path = CCProfileController.h; sourceTree = "<group>"; };
		F821FFA019A742B8008DB661 /* CCProfileEventDispatcher.cpp */ = {isa = PBXFileReference; fileEncoding = 4; lastKnownFileType = sourcecode.cpp.cpp; path = CCProfileEventDispatcher.cpp; sourceTree = "<group>"; };
		F821FFA119A742B8008DB661 /* CCProfileEventDispatcher.h */ = {isa = PBXFileReference; fileEncoding = 4; lastKnownFileType = sourcecode.c.h; path = CCProfileEventDispatcher.h; sourceTree = "<group>"; };
		F821FFA219A742B8008DB661 /* CCProfileEventHandler.h */ = {isa = PBXFileReference; fileEncoding = 4; lastKnownFileType = sourcecode.c.h; path = CCProfileEventHandler.h; sourceTree = "<group>"; };
		F821FFA319A742B8008DB661 /* CCProfileService.cpp */ = {isa = PBXFileReference; fileEncoding = 4; lastKnownFileType = sourcecode.cpp.cpp; path = CCProfileService.cpp; sourceTree = "<group>"; };
		F821FFA419A742B8008DB661 /* CCProfileService.h */ = {isa = PBXFileReference; fileEncoding = 4; lastKnownFileType = sourcecode.c.h; path = CCProfileService.h; sourceTree = "<group>"; };
		F821FFA519A742B8008DB661 /* Cocos2dxProfile.h */ = {isa = PBXFileReference; fileEncoding = 4; lastKnownFileType = sourcecode.c.h; path = Cocos2dxProfile.h; sourceTree = "<group>"; };
		F821FFAA19A742B8008DB661 /* CCUserProfile.cpp */ = {isa = PBXFileReference; fileEncoding = 4; lastKnownFileType = sourcecode.cpp.cpp; path = CCUserProfile.cpp; sourceTree = "<group>"; };
		F821FFAB19A742B8008DB661 /* CCUserProfile.h */ = {isa = PBXFileReference; fileEncoding = 4; lastKnownFileType = sourcecode.c.h; path = CCUserProfile.h; sourceTree = "<group>"; };
		F825C0C519B31C2D00A2CABB /* libCocos2dXiOSProfile.a */ = {isa = PBXFileReference; lastKnownFileType = archive.ar; name = libCocos2dXiOSProfile.a; path = build/ios/libCocos2dXiOSProfile.a; sourceTree = "<group>"; };
		F825C0C719B31C3C00A2CABB /* libSoomlaiOSProfile.a */ = {isa = PBXFileReference; lastKnownFileType = archive.ar; name = libSoomlaiOSProfile.a; path = build/ios/libSoomlaiOSProfile.a; sourceTree = "<group>"; };
		F83FDE8019AB51BC0011AD54 /* CCSocialActionUtils.h */ = {isa = PBXFileReference; lastKnownFileType = sourcecode.c.h; path = CCSocialActionUtils.h; sourceTree = "<group>"; };
		F83FDE8119AB541A0011AD54 /* CCSocialActionUtils.cpp */ = {isa = PBXFileReference; fileEncoding = 4; lastKnownFileType = sourcecode.cpp.cpp; path = CCSocialActionUtils.cpp; sourceTree = "<group>"; };
		F83FDE8419AB58030011AD54 /* CCUserProfileUtils.cpp */ = {isa = PBXFileReference; fileEncoding = 4; lastKnownFileType = sourcecode.cpp.cpp; path = CCUserProfileUtils.cpp; sourceTree = "<group>"; };
		F83FDE8519AB58030011AD54 /* CCUserProfileUtils.h */ = {isa = PBXFileReference; fileEncoding = 4; lastKnownFileType = sourcecode.c.h; path = CCUserProfileUtils.h; sourceTree = "<group>"; };
/* End PBXFileReference section */

/* Begin PBXFrameworksBuildPhase section */
		C0B3C5EC168C6D0C00161FAA /* Frameworks */ = {
			isa = PBXFrameworksBuildPhase;
			buildActionMask = 2147483647;
			files = (
				F825C0C619B31C2D00A2CABB /* libCocos2dXiOSProfile.a in Frameworks */,
				F825C0C819B31C3C00A2CABB /* libSoomlaiOSProfile.a in Frameworks */,
				C0B3C5F3168C6D0C00161FAA /* Foundation.framework in Frameworks */,
			);
			runOnlyForDeploymentPostprocessing = 0;
		};
/* End PBXFrameworksBuildPhase section */

/* Begin PBXGroup section */
		C0B3C5E4168C6D0C00161FAA = {
			isa = PBXGroup;
			children = (
				F821FF9B19A742B8008DB661 /* Profile */,
				C0B3C5F1168C6D0C00161FAA /* Frameworks */,
				C0B3C5F0168C6D0C00161FAA /* Products */,
			);
			sourceTree = "<group>";
		};
		C0B3C5F0168C6D0C00161FAA /* Products */ = {
			isa = PBXGroup;
			children = (
				C0B3C5EF168C6D0C00161FAA /* libCocos2dXProfile.a */,
			);
			name = Products;
			sourceTree = "<group>";
		};
		C0B3C5F1168C6D0C00161FAA /* Frameworks */ = {
			isa = PBXGroup;
			children = (
				F825C0C719B31C3C00A2CABB /* libSoomlaiOSProfile.a */,
				F825C0C519B31C2D00A2CABB /* libCocos2dXiOSProfile.a */,
				C0B3C5F2168C6D0C00161FAA /* Foundation.framework */,
			);
			name = Frameworks;
			sourceTree = "<group>";
		};
		F821FF9B19A742B8008DB661 /* Profile */ = {
			isa = PBXGroup;
			children = (
				F83FDE8419AB58030011AD54 /* CCUserProfileUtils.cpp */,
				F83FDE8519AB58030011AD54 /* CCUserProfileUtils.h */,
				F83FDE8119AB541A0011AD54 /* CCSocialActionUtils.cpp */,
				F83FDE8019AB51BC0011AD54 /* CCSocialActionUtils.h */,
				F821FF9C19A742B8008DB661 /* CCProfileConsts.cpp */,
				F821FF9D19A742B8008DB661 /* CCProfileConsts.h */,
				F821FF9E19A742B8008DB661 /* CCProfileController.cpp */,
				F821FF9F19A742B8008DB661 /* CCProfileController.h */,
				F821FFA019A742B8008DB661 /* CCProfileEventDispatcher.cpp */,
				F821FFA119A742B8008DB661 /* CCProfileEventDispatcher.h */,
				F821FFA219A742B8008DB661 /* CCProfileEventHandler.h */,
				F821FFA319A742B8008DB661 /* CCProfileService.cpp */,
				F821FFA419A742B8008DB661 /* CCProfileService.h */,
				F821FFA519A742B8008DB661 /* Cocos2dxProfile.h */,
				F821FFA919A742B8008DB661 /* domain */,
			);
			path = Profile;
			sourceTree = "<group>";
		};
		F821FFA919A742B8008DB661 /* domain */ = {
			isa = PBXGroup;
			children = (
				F821FFAA19A742B8008DB661 /* CCUserProfile.cpp */,
				F821FFAB19A742B8008DB661 /* CCUserProfile.h */,
			);
			path = domain;
			sourceTree = "<group>";
		};
/* End PBXGroup section */

/* Begin PBXHeadersBuildPhase section */
		9D64AAD0190653C40091D664 /* Headers */ = {
			isa = PBXHeadersBuildPhase;
			buildActionMask = 2147483647;
			files = (
				F83FDE8719AB58030011AD54 /* CCUserProfileUtils.h in Headers */,
				F83FDE8319AB54720011AD54 /* CCSocialActionUtils.h in Headers */,
				F821FFB419A742B8008DB661 /* CCProfileService.h in Headers */,
				F821FFB519A742B8008DB661 /* Cocos2dxProfile.h in Headers */,
				F821FFB219A742B8008DB661 /* CCProfileEventHandler.h in Headers */,
				F821FFB919A742B8008DB661 /* CCUserProfile.h in Headers */,
				F821FFAF19A742B8008DB661 /* CCProfileController.h in Headers */,
				F821FFB119A742B8008DB661 /* CCProfileEventDispatcher.h in Headers */,
				F821FFAD19A742B8008DB661 /* CCProfileConsts.h in Headers */,
			);
			runOnlyForDeploymentPostprocessing = 0;
		};
/* End PBXHeadersBuildPhase section */

/* Begin PBXNativeTarget section */
		C0B3C5EE168C6D0C00161FAA /* Cocos2dXProfile */ = {
			isa = PBXNativeTarget;
			buildConfigurationList = C0B3C5FD168C6D0C00161FAA /* Build configuration list for PBXNativeTarget "Cocos2dXProfile" */;
			buildPhases = (
				C0B3C5EB168C6D0C00161FAA /* Sources */,
				C0B3C5EC168C6D0C00161FAA /* Frameworks */,
				9D64AAD0190653C40091D664 /* Headers */,
			);
			buildRules = (
			);
			dependencies = (
			);
			name = Cocos2dXProfile;
			productName = SoomlaIOSStore;
			productReference = C0B3C5EF168C6D0C00161FAA /* libCocos2dXProfile.a */;
			productType = "com.apple.product-type.library.static";
		};
/* End PBXNativeTarget section */

/* Begin PBXProject section */
		C0B3C5E6168C6D0C00161FAA /* Project object */ = {
			isa = PBXProject;
			attributes = {
				LastUpgradeCheck = 0450;
				ORGANIZATIONNAME = SOOMLA;
			};
			buildConfigurationList = C0B3C5E9168C6D0C00161FAA /* Build configuration list for PBXProject "Cocos2dXProfile" */;
			compatibilityVersion = "Xcode 3.2";
			developmentRegion = English;
			hasScannedForEncodings = 0;
			knownRegions = (
				en,
				Base,
			);
			mainGroup = C0B3C5E4168C6D0C00161FAA;
			productRefGroup = C0B3C5F0168C6D0C00161FAA /* Products */;
			projectDirPath = "";
			projectRoot = "";
			targets = (
				C0B3C5EE168C6D0C00161FAA /* Cocos2dXProfile */,
			);
		};
/* End PBXProject section */

/* Begin PBXSourcesBuildPhase section */
		C0B3C5EB168C6D0C00161FAA /* Sources */ = {
			isa = PBXSourcesBuildPhase;
			buildActionMask = 2147483647;
			files = (
				F83FDE8219AB541B0011AD54 /* CCSocialActionUtils.cpp in Sources */,
				F821FFB019A742B8008DB661 /* CCProfileEventDispatcher.cpp in Sources */,
				F83FDE8619AB58030011AD54 /* CCUserProfileUtils.cpp in Sources */,
				F821FFB319A742B8008DB661 /* CCProfileService.cpp in Sources */,
				F821FFB819A742B8008DB661 /* CCUserProfile.cpp in Sources */,
				F821FFAC19A742B8008DB661 /* CCProfileConsts.cpp in Sources */,
				F821FFAE19A742B8008DB661 /* CCProfileController.cpp in Sources */,
			);
			runOnlyForDeploymentPostprocessing = 0;
		};
/* End PBXSourcesBuildPhase section */

/* Begin XCBuildConfiguration section */
		C0B3C5FB168C6D0C00161FAA /* Debug */ = {
			isa = XCBuildConfiguration;
			buildSettings = {
				ALWAYS_SEARCH_USER_PATHS = NO;
				CLANG_CXX_LANGUAGE_STANDARD = "gnu++98";
				CLANG_CXX_LIBRARY = "libstdc++";
				CLANG_ENABLE_OBJC_ARC = NO;
				CLANG_WARN_EMPTY_BODY = YES;
				CLANG_WARN__DUPLICATE_METHOD_MATCH = YES;
				COPY_PHASE_STRIP = NO;
				GCC_C_LANGUAGE_STANDARD = gnu99;
				GCC_DYNAMIC_NO_PIC = NO;
				GCC_OPTIMIZATION_LEVEL = 0;
				GCC_PREFIX_HEADER = "";
				GCC_PREPROCESSOR_DEFINITIONS = (
					"DEBUG=1",
					"$(inherited)",
				);
				GCC_SYMBOLS_PRIVATE_EXTERN = NO;
				GCC_WARN_ABOUT_RETURN_TYPE = YES;
				GCC_WARN_UNINITIALIZED_AUTOS = YES;
				GCC_WARN_UNUSED_VARIABLE = YES;
				IPHONEOS_DEPLOYMENT_TARGET = 7.1;
				ONLY_ACTIVE_ARCH = YES;
				SDKROOT = iphoneos;
			};
			name = Debug;
		};
		C0B3C5FC168C6D0C00161FAA /* Release */ = {
			isa = XCBuildConfiguration;
			buildSettings = {
				ALWAYS_SEARCH_USER_PATHS = NO;
				CLANG_CXX_LANGUAGE_STANDARD = "gnu++98";
				CLANG_CXX_LIBRARY = "libstdc++";
				CLANG_ENABLE_OBJC_ARC = NO;
				CLANG_WARN_EMPTY_BODY = YES;
				CLANG_WARN__DUPLICATE_METHOD_MATCH = YES;
				COPY_PHASE_STRIP = YES;
				GCC_C_LANGUAGE_STANDARD = gnu99;
				GCC_PREFIX_HEADER = "";
				GCC_WARN_ABOUT_RETURN_TYPE = YES;
				GCC_WARN_UNINITIALIZED_AUTOS = YES;
				GCC_WARN_UNUSED_VARIABLE = YES;
				IPHONEOS_DEPLOYMENT_TARGET = 7.1;
				SDKROOT = iphoneos;
				VALIDATE_PRODUCT = YES;
			};
			name = Release;
		};
		C0B3C5FE168C6D0C00161FAA /* Debug */ = {
			isa = XCBuildConfiguration;
			buildSettings = {
				DSTROOT = /tmp/SoomlaIOSStore.dst;
				GCC_PRECOMPILE_PREFIX_HEADER = YES;
				GCC_PREPROCESSOR_DEFINITIONS = (
					"$(inherited)",
					"COCOS2D_DEBUG=1",
					CC_TARGET_OS_IPHONE,
				);
				HEADER_SEARCH_PATHS = (
					"$(inherited)",
					/Applications/Xcode.app/Contents/Developer/Toolchains/XcodeDefault.xctoolchain/usr/include,
					"$(SRCROOT)/../../cocos2dx",
					"$(SRCROOT)/../../cocos2dx/include",
					"$(SRCROOT)/../../cocos2dx/kazmath/include",
					"$(SRCROOT)/../../cocos2dx/platform/third_party/ios",
					"$(SRCROOT)/../../cocos2dx/platform/ios",
					"$(SRCROOT)/../../cocos2dx/platform/ios/Simulation",
					"$(SRCROOT)/../../external/jansson",
					"$(SRCROOT)/build/ios/headers/**",
					"$(SRCROOT)/../soomla-cocos2dx-core/build/ios/headers/**",
					"$(SRCROOT)/../soomla-cocos2dx-core/Soomla/**",
				);
				LIBRARY_SEARCH_PATHS = "$(PROJECT_DIR)/build/ios";
				LINK_WITH_STANDARD_LIBRARIES = NO;
				ONLY_ACTIVE_ARCH = YES;
				OTHER_LDFLAGS = "-ObjC";
				PRIVATE_HEADERS_FOLDER_PATH = headers/private;
				PRODUCT_NAME = Cocos2dXProfile;
				PUBLIC_HEADERS_FOLDER_PATH = headers/public;
				SKIP_INSTALL = YES;
				SYMROOT = out;
				WRAPPER_EXTENSION = framework;
			};
			name = Debug;
		};
		C0B3C5FF168C6D0C00161FAA /* Release */ = {
			isa = XCBuildConfiguration;
			buildSettings = {
				DSTROOT = /tmp/SoomlaIOSStore.dst;
				GCC_GENERATE_DEBUGGING_SYMBOLS = NO;
				GCC_PRECOMPILE_PREFIX_HEADER = YES;
				GCC_PREPROCESSOR_DEFINITIONS = CC_TARGET_OS_IPHONE;
				HEADER_SEARCH_PATHS = (
					"$(inherited)",
					/Applications/Xcode.app/Contents/Developer/Toolchains/XcodeDefault.xctoolchain/usr/include,
					"$(SRCROOT)/../../cocos2dx",
					"$(SRCROOT)/../../cocos2dx/include",
					"$(SRCROOT)/../../cocos2dx/kazmath/include",
					"$(SRCROOT)/../../cocos2dx/platform/third_party/ios",
					"$(SRCROOT)/../../cocos2dx/platform/ios",
					"$(SRCROOT)/../../cocos2dx/platform/ios/Simulation",
					"$(SRCROOT)/../../external/jansson",
					"$(SRCROOT)/build/ios/headers/**",
					"$(SRCROOT)/../soomla-cocos2dx-core/build/ios/headers/**",
					"$(SRCROOT)/../soomla-cocos2dx-core/Soomla/**",
				);
				LIBRARY_SEARCH_PATHS = "$(PROJECT_DIR)/build/ios";
				LINK_WITH_STANDARD_LIBRARIES = NO;
				ONLY_ACTIVE_ARCH = NO;
				OTHER_LDFLAGS = "-ObjC";
				PRIVATE_HEADERS_FOLDER_PATH = headers/private;
				PRODUCT_NAME = Cocos2dXProfile;
				PUBLIC_HEADERS_FOLDER_PATH = headers/public;
				SKIP_INSTALL = YES;
				SYMROOT = out;
				WRAPPER_EXTENSION = framework;
			};
			name = Release;
		};
/* End XCBuildConfiguration section */

/* Begin XCConfigurationList section */
		C0B3C5E9168C6D0C00161FAA /* Build configuration list for PBXProject "Cocos2dXProfile" */ = {
			isa = XCConfigurationList;
			buildConfigurations = (
				C0B3C5FB168C6D0C00161FAA /* Debug */,
				C0B3C5FC168C6D0C00161FAA /* Release */,
			);
			defaultConfigurationIsVisible = 0;
			defaultConfigurationName = Release;
		};
		C0B3C5FD168C6D0C00161FAA /* Build configuration list for PBXNativeTarget "Cocos2dXProfile" */ = {
			isa = XCConfigurationList;
			buildConfigurations = (
				C0B3C5FE168C6D0C00161FAA /* Debug */,
				C0B3C5FF168C6D0C00161FAA /* Release */,
			);
			defaultConfigurationIsVisible = 0;
			defaultConfigurationName = Release;
		};
/* End XCConfigurationList section */
	};
	rootObject = C0B3C5E6168C6D0C00161FAA /* Project object */;
}
